# Generated by pub
# See https://dart.dev/tools/pub/glossary#lockfile
packages:
  _fe_analyzer_shared:
    dependency: transitive
    description:
      name: _fe_analyzer_shared
      sha256: "796d97d925add7ffcdf5595f33a2066a6e3cee97971e6dbef09b76b7880fd760"
      url: "https://pub.dev"
    source: hosted
    version: "94.0.0"
  adaptive_number:
    dependency: transitive
    description:
      name: adaptive_number
      sha256: "3a567544e9b5c9c803006f51140ad544aedc79604fd4f3f2c1380003f97c1d77"
      url: "https://pub.dev"
    source: hosted
    version: "1.0.0"
  analyzer:
    dependency: transitive
    description:
      name: analyzer
      sha256: "9c8ebb304d72c0a0c8764344627529d9503fc83d7d73e43ed727dc532f822e4b"
      url: "https://pub.dev"
    source: hosted
    version: "10.0.2"
  archive:
    dependency: transitive
    description:
      name: archive
      sha256: "2fde1607386ab523f7a36bb3e7edb43bd58e6edaf2ffb29d8a6d578b297fdbbd"
      url: "https://pub.dev"
    source: hosted
    version: "4.0.7"
  args:
    dependency: transitive
    description:
      name: args
      sha256: d0481093c50b1da8910eb0bb301626d4d8eb7284aa739614d2b394ee09e3ea04
      url: "https://pub.dev"
    source: hosted
    version: "2.7.0"
  asn1lib:
    dependency: transitive
    description:
      name: asn1lib
      sha256: "9a8f69025044eb466b9b60ef3bc3ac99b4dc6c158ae9c56d25eeccf5bc56d024"
      url: "https://pub.dev"
    source: hosted
    version: "1.6.5"
  async:
    dependency: transitive
    description:
      name: async
      sha256: "758e6d74e971c3e5aceb4110bfd6698efc7f501675bcfe0c775459a8140750eb"
      url: "https://pub.dev"
    source: hosted
    version: "2.13.0"
  base32:
    dependency: transitive
    description:
      name: base32
      sha256: "37548444aaee8bd5e91db442ce69ee3a79d3652ed47c1fa7568aa3bb9af0aea5"
      url: "https://pub.dev"
    source: hosted
    version: "2.2.0"
  base_x:
    dependency: transitive
    description:
      name: base_x
      sha256: "519abcdafd637d4b6bd7e72fabd8f9264935f804b9b9f6c5d8411c7d52cbf8fd"
      url: "https://pub.dev"
    source: hosted
    version: "2.0.1"
  boolean_selector:
    dependency: transitive
    description:
      name: boolean_selector
      sha256: "8aab1771e1243a5063b8b0ff68042d67334e3feab9e95b9490f9a6ebf73b42ea"
      url: "https://pub.dev"
    source: hosted
    version: "2.1.2"
  bs58:
    dependency: transitive
    description:
      name: bs58
      sha256: "3ed24dadf386ca749ff50af678be1131ef569a3583a6f37b87b90c032270c767"
      url: "https://pub.dev"
    source: hosted
    version: "1.0.2"
  buffer:
    dependency: transitive
    description:
      name: buffer
      sha256: "389da2ec2c16283c8787e0adaede82b1842102f8c8aae2f49003a766c5c6b3d1"
      url: "https://pub.dev"
    source: hosted
    version: "1.2.3"
  build:
    dependency: transitive
    description:
      name: build
      sha256: "275bf6bb2a00a9852c28d4e0b410da1d833a734d57d39d44f94bfc895a484ec3"
      url: "https://pub.dev"
    source: hosted
    version: "4.0.4"
  build_config:
    dependency: transitive
    description:
      name: build_config
      sha256: "4f64382b97504dc2fcdf487d5aae33418e08b4703fc21249e4db6d804a4d0187"
      url: "https://pub.dev"
    source: hosted
    version: "1.2.0"
  build_daemon:
    dependency: transitive
    description:
      name: build_daemon
      sha256: bf05f6e12cfea92d3c09308d7bcdab1906cd8a179b023269eed00c071004b957
      url: "https://pub.dev"
    source: hosted
    version: "4.1.1"
  build_runner:
    dependency: "direct dev"
    description:
      name: build_runner
      sha256: ac78098de97893812b7aff1154f29008fa2464cad9e8e7044d39bc905dad4fbc
      url: "https://pub.dev"
    source: hosted
    version: "2.11.0"
  built_collection:
    dependency: transitive
    description:
      name: built_collection
      sha256: "376e3dd27b51ea877c28d525560790aee2e6fbb5f20e2f85d5081027d94e2100"
      url: "https://pub.dev"
    source: hosted
    version: "5.1.1"
  built_value:
    dependency: transitive
    description:
      name: built_value
      sha256: "7931c90b84bc573fef103548e354258ae4c9d28d140e41961df6843c5d60d4d8"
      url: "https://pub.dev"
    source: hosted
    version: "8.12.3"
  catalyst_cose:
    dependency: transitive
    description:
      name: catalyst_cose
      sha256: "878c7444421400fecfe4c57973905c92251d7bf97010f9dd8c09d15e91e0a2e2"
      url: "https://pub.dev"
    source: hosted
    version: "1.0.0"
  cbor:
    dependency: transitive
    description:
      name: cbor
      sha256: "259230d0c7f3ae58cb68cbc17b95484a038b2f63b15963b019d4bd9d28bf3fe0"
      url: "https://pub.dev"
    source: hosted
    version: "6.5.0"
  characters:
    dependency: transitive
    description:
      name: characters
      sha256: faf38497bda5ead2a8c7615f4f7939df04333478bf32e4173fcb06d428b5716b
      url: "https://pub.dev"
    source: hosted
    version: "1.4.1"
  checked_yaml:
    dependency: transitive
    description:
      name: checked_yaml
      sha256: "959525d3162f249993882720d52b7e0c833978df229be20702b33d48d91de70f"
      url: "https://pub.dev"
    source: hosted
    version: "2.0.4"
  cli_config:
    dependency: transitive
    description:
      name: cli_config
      sha256: ac20a183a07002b700f0c25e61b7ee46b23c309d76ab7b7640a028f18e4d99ec
      url: "https://pub.dev"
    source: hosted
    version: "0.2.0"
  clock:
    dependency: transitive
    description:
      name: clock
      sha256: fddb70d9b5277016c77a80201021d40a2247104d9f4aa7bab7157b7e3f05b84b
      url: "https://pub.dev"
    source: hosted
    version: "1.1.2"
  code_assets:
    dependency: transitive
    description:
      name: code_assets
      sha256: "83ccdaa064c980b5596c35dd64a8d3ecc68620174ab9b90b6343b753aa721687"
      url: "https://pub.dev"
    source: hosted
    version: "1.0.0"
  code_builder:
    dependency: transitive
    description:
      name: code_builder
      sha256: "6a6cab2ba4680d6423f34a9b972a4c9a94ebe1b62ecec4e1a1f2cba91fd1319d"
      url: "https://pub.dev"
    source: hosted
    version: "4.11.1"
  collection:
    dependency: transitive
    description:
      name: collection
      sha256: "2f5709ae4d3d59dd8f7cd309b4e023046b57d8a6c82130785d2b0e5868084e76"
      url: "https://pub.dev"
    source: hosted
    version: "1.19.1"
  convert:
    dependency: transitive
    description:
      name: convert
      sha256: b30acd5944035672bc15c6b7a8b47d773e41e2f17de064350988c5d02adb1c68
      url: "https://pub.dev"
    source: hosted
    version: "3.1.2"
  coverage:
    dependency: transitive
    description:
      name: coverage
      sha256: "5da775aa218eaf2151c721b16c01c7676fbfdd99cebba2bf64e8b807a28ff94d"
      url: "https://pub.dev"
    source: hosted
    version: "1.15.0"
  crypto:
    dependency: "direct main"
    description:
      name: crypto
      sha256: c8ea0233063ba03258fbcf2ca4d6dadfefe14f02fab57702265467a19f27fadf
      url: "https://pub.dev"
    source: hosted
    version: "3.0.7"
  crypto_keys:
    dependency: transitive
    description:
      name: crypto_keys
      sha256: "2ed305a11a3e5d16dd7f489121c956fd19b9816938bb68bc7ed3a379827a304e"
      url: "https://pub.dev"
    source: hosted
    version: "0.3.0+2"
  cryptography:
    dependency: transitive
    description:
      name: cryptography
      sha256: "3eda3029d34ec9095a27a198ac9785630fe525c0eb6a49f3d575272f8e792ef0"
      url: "https://pub.dev"
    source: hosted
    version: "2.9.0"
  dart_ipfs:
    dependency: "direct main"
    description:
      name: dart_ipfs
      sha256: "13168e667cc815618db45d4f8833c77a703d5d706f91185dd69e48212cc23ea9"
      url: "https://pub.dev"
    source: hosted
    version: "1.9.4"
  dart_jsonwebtoken:
    dependency: "direct main"
    description:
      name: dart_jsonwebtoken
      sha256: "0de65691c1d736e9459f22f654ddd6fd8368a271d4e41aa07e53e6301eff5075"
      url: "https://pub.dev"
    source: hosted
    version: "3.3.1"
  dart_lz4:
    dependency: transitive
    description:
      name: dart_lz4
      sha256: "344ffdf3938348b5057c852f3d2aa8736b4fce9d70f636e22acdbd8b934dd694"
      url: "https://pub.dev"
    source: hosted
    version: "1.0.0"
  dart_merkle_lib:
    dependency: transitive
    description:
      name: dart_merkle_lib
      sha256: d5eff37dac7d836219ff8f6ac22fd80bd701c24ebe1839566d4359ead12d42a4
      url: "https://pub.dev"
    source: hosted
    version: "1.0.1"
  dart_multihash:
    dependency: transitive
    description:
      name: dart_multihash
      sha256: "7bef7091497c531f94bf82102805a69d97e4e5d120000dcbbc4a1da679060e0a"
      url: "https://pub.dev"
    source: hosted
    version: "1.0.1"
  dart_style:
    dependency: transitive
    description:
      name: dart_style
      sha256: "15a7db352c8fc6a4d2bc475ba901c25b39fe7157541da4c16eacce6f8be83e49"
      url: "https://pub.dev"
    source: hosted
    version: "3.1.5"
  dart_udx:
    dependency: transitive
    description:
      name: dart_udx
      sha256: a50764be0d1b3a8bd93ead600dd0b2931e5cbc378c6c3f8a0da4eb2fb05c8e46
      url: "https://pub.dev"
    source: hosted
    version: "0.3.1"
  dcid:
    dependency: transitive
    description:
      name: dcid
      sha256: a2158de2321b2fde06aae4c303a071de5821f2a46cdee6f3c6d91be0d4baa2d9
      url: "https://pub.dev"
    source: hosted
    version: "1.0.0"
  dotenv:
    dependency: "direct main"
    description:
      name: dotenv
      sha256: "379e64b6fc82d3df29461d349a1796ecd2c436c480d4653f3af6872eccbc90e1"
      url: "https://pub.dev"
    source: hosted
    version: "4.2.0"
  ed25519_edwards:
    dependency: transitive
    description:
      name: ed25519_edwards
      sha256: "6ce0112d131327ec6d42beede1e5dfd526069b18ad45dcf654f15074ad9276cd"
      url: "https://pub.dev"
    source: hosted
    version: "0.3.1"
  equatable:
    dependency: transitive
    description:
      name: equatable
      sha256: "3e0141505477fd8ad55d6eb4e7776d3fe8430be8e497ccb1521370c3f21a3e2b"
      url: "https://pub.dev"
    source: hosted
    version: "2.0.8"
  fake_async:
    dependency: "direct dev"
    description:
      name: fake_async
      sha256: "5368f224a74523e8d2e7399ea1638b37aecfca824a3cc4dfdf77bf1fa905ac44"
      url: "https://pub.dev"
    source: hosted
    version: "1.3.3"
  ffi:
    dependency: transitive
    description:
      name: ffi
      sha256: d07d37192dbf97461359c1518788f203b0c9102cfd2c35a716b823741219542c
      url: "https://pub.dev"
    source: hosted
    version: "2.1.5"
  file:
    dependency: transitive
    description:
      name: file
      sha256: a3b4f84adafef897088c160faf7dfffb7696046cb13ae90b508c2cbc95d3b8d4
      url: "https://pub.dev"
    source: hosted
    version: "7.0.1"
  fixnum:
    dependency: transitive
    description:
      name: fixnum
      sha256: b6dc7065e46c974bc7c5f143080a6764ec7a4be6da1285ececdc37be96de53be
      url: "https://pub.dev"
    source: hosted
    version: "1.1.1"
  freezed_annotation:
    dependency: transitive
    description:
      name: freezed_annotation
      sha256: "7294967ff0a6d98638e7acb774aac3af2550777accd8149c90af5b014e6d44d8"
      url: "https://pub.dev"
    source: hosted
    version: "3.1.0"
  frontend_server_client:
    dependency: transitive
    description:
      name: frontend_server_client
      sha256: f64a0333a82f30b0cca061bc3d143813a486dc086b574bfb233b7c1372427694
      url: "https://pub.dev"
    source: hosted
    version: "4.0.0"
  glob:
    dependency: transitive
    description:
      name: glob
      sha256: c3f1ee72c96f8f78935e18aa8cecced9ab132419e8625dc187e1c2408efc20de
      url: "https://pub.dev"
    source: hosted
    version: "2.1.3"
  google_identity_services_web:
    dependency: transitive
    description:
      name: google_identity_services_web
      sha256: "5d187c46dc59e02646e10fe82665fc3884a9b71bc1c90c2b8b749316d33ee454"
      url: "https://pub.dev"
    source: hosted
    version: "0.3.3+1"
  googleapis_auth:
    dependency: "direct main"
    description:
      name: googleapis_auth
      sha256: b81fe352cc4a330b3710d2b7ad258d9bcef6f909bb759b306bf42973a7d046db
      url: "https://pub.dev"
    source: hosted
    version: "2.0.0"
  graphs:
    dependency: transitive
    description:
      name: graphs
      sha256: "741bbf84165310a68ff28fe9e727332eef1407342fca52759cb21ad8177bb8d0"
      url: "https://pub.dev"
    source: hosted
    version: "2.3.2"
  grpc:
    dependency: transitive
    description:
      name: grpc
      sha256: "86be3a7d39ad865b214a7370021ac80e68939238b507730de6d97fc662cb2723"
      url: "https://pub.dev"
    source: hosted
    version: "5.1.0"
  hex:
    dependency: transitive
    description:
      name: hex
      sha256: "4e7cd54e4b59ba026432a6be2dd9d96e4c5205725194997193bf871703b82c4a"
      url: "https://pub.dev"
    source: hosted
    version: "0.2.0"
  hive:
    dependency: transitive
    description:
      name: hive
      sha256: "8dcf6db979d7933da8217edcec84e9df1bdb4e4edc7fc77dbd5aa74356d6d941"
      url: "https://pub.dev"
    source: hosted
    version: "2.2.3"
  hooks:
    dependency: transitive
    description:
      name: hooks
      sha256: "7a08a0d684cb3b8fb604b78455d5d352f502b68079f7b80b831c62220ab0a4f6"
      url: "https://pub.dev"
    source: hosted
    version: "1.0.1"
  http:
    dependency: "direct main"
    description:
      name: http
      sha256: "87721a4a50b19c7f1d49001e51409bddc46303966ce89a65af4f4e6004896412"
      url: "https://pub.dev"
    source: hosted
    version: "1.6.0"
  http2:
    dependency: transitive
    description:
      name: http2
      sha256: "382d3aefc5bd6dc68c6b892d7664f29b5beb3251611ae946a98d35158a82bbfa"
      url: "https://pub.dev"
    source: hosted
    version: "2.3.1"
  http_methods:
    dependency: transitive
    description:
      name: http_methods
      sha256: "6bccce8f1ec7b5d701e7921dca35e202d425b57e317ba1a37f2638590e29e566"
      url: "https://pub.dev"
    source: hosted
    version: "1.1.1"
  http_multi_server:
    dependency: transitive
    description:
      name: http_multi_server
      sha256: aa6199f908078bb1c5efb8d8638d4ae191aac11b311132c3ef48ce352fb52ef8
      url: "https://pub.dev"
    source: hosted
    version: "3.2.2"
  http_parser:
    dependency: transitive
    description:
      name: http_parser
      sha256: "178d74305e7866013777bab2c3d8726205dc5a4dd935297175b19a23a2e66571"
      url: "https://pub.dev"
    source: hosted
    version: "4.1.2"
  idb_shim:
    dependency: transitive
    description:
      name: idb_shim
      sha256: adbcc954e0e072cf5bd1699431fc783b5e54e4b3db40667eb794708f7446ee6a
      url: "https://pub.dev"
    source: hosted
    version: "2.8.2+2"
  intl:
    dependency: transitive
    description:
      name: intl
      sha256: "3df61194eb431efc39c4ceba583b95633a403f46c9fd341e550ce0bfa50e9aa5"
      url: "https://pub.dev"
    source: hosted
    version: "0.20.2"
  io:
    dependency: transitive
    description:
      name: io
      sha256: dfd5a80599cf0165756e3181807ed3e77daf6dd4137caaad72d0b7931597650b
      url: "https://pub.dev"
    source: hosted
    version: "1.0.5"
  ipfs_libp2p:
    dependency: transitive
    description:
      name: ipfs_libp2p
      sha256: "86e99d81b43de25669ab054eea13d4e814267030ac5df76b644c83bdbdfb1f7f"
      url: "https://pub.dev"
    source: hosted
    version: "0.5.6"
  jose:
    dependency: transitive
    description:
      name: jose
      sha256: bd8dd0bee653a78be16f5e2c0387117906f8f5171f7dcc29e3246b6c7cb73918
      url: "https://pub.dev"
    source: hosted
    version: "0.3.5"
  json_annotation:
    dependency: transitive
    description:
      name: json_annotation
      sha256: "805fa86df56383000f640384b282ce0cb8431f1a7a2396de92fb66186d8c57df"
      url: "https://pub.dev"
    source: hosted
    version: "4.10.0"
  lints:
    dependency: "direct dev"
    description:
      name: lints
      sha256: "12f842a479589fea194fe5c5a3095abc7be0c1f2ddfa9a0e76aed1dbd26a87df"
      url: "https://pub.dev"
    source: hosted
    version: "6.1.0"
  logging:
    dependency: "direct main"
    description:
      name: logging
      sha256: c8245ada5f1717ed44271ed1c26b8ce85ca3228fd2ffdb75468ab01979309d61
      url: "https://pub.dev"
    source: hosted
    version: "1.3.0"
  mailer:
    dependency: "direct main"
    description:
      name: mailer
      sha256: c3b934c0e800ddc946167c0123a900eba5acd009abb73648d0191a742542f2b4
      url: "https://pub.dev"
    source: hosted
    version: "6.6.0"
  markdown:
    dependency: transitive
    description:
      name: markdown
      sha256: "935e23e1ff3bc02d390bad4d4be001208ee92cc217cb5b5a6c19bc14aaa318c1"
      url: "https://pub.dev"
    source: hosted
    version: "7.3.0"
  matcher:
    dependency: transitive
    description:
      name: matcher
      sha256: "12956d0ad8390bbcc63ca2e1469c0619946ccb52809807067a7020d57e647aa6"
      url: "https://pub.dev"
    source: hosted
    version: "0.12.18"
  mdns_dart:
    dependency: transitive
    description:
      name: mdns_dart
      sha256: "5a8fae933ea51a5ff3da78dbec8442e7167bf1423f71069d767ff9be68054f55"
      url: "https://pub.dev"
    source: hosted
    version: "2.1.0"
  meta:
    dependency: transitive
    description:
      name: meta
      sha256: "9f29b9bcc8ee287b1a31e0d01be0eae99a930dbffdaecf04b3f3d82a969f296f"
      url: "https://pub.dev"
    source: hosted
    version: "1.18.1"
  mime:
    dependency: transitive
    description:
      name: mime
      sha256: "41a20518f0cb1256669420fdba0cd90d21561e560ac240f26ef8322e45bb7ed6"
      url: "https://pub.dev"
    source: hosted
    version: "2.0.0"
  mockito:
    dependency: "direct dev"
    description:
      name: mockito
      sha256: a45d1aa065b796922db7b9e7e7e45f921aed17adf3a8318a1f47097e7e695566
      url: "https://pub.dev"
    source: hosted
    version: "5.6.3"
  multibase:
    dependency: transitive
    description:
      name: multibase
      sha256: "98258bb826edf245a91ed70c6cff29c44676815715a0aba5ac67cc56879e254d"
      url: "https://pub.dev"
    source: hosted
    version: "1.0.0"
  multicast_dns:
    dependency: transitive
    description:
      name: multicast_dns
      sha256: de72ada5c3db6fdd6ad4ae99452fe05fb403c4bb37c67ceb255ddd37d2b5b1eb
      url: "https://pub.dev"
    source: hosted
    version: "0.3.3"
  murmurhash:
    dependency: transitive
    description:
      name: murmurhash
      sha256: e9f30312675b6184d1311f87d27eeb9c3b2e107ea2eed94d79ecdc4f59fd2256
      url: "https://pub.dev"
    source: hosted
    version: "1.0.1"
  native_toolchain_c:
    dependency: transitive
    description:
      name: native_toolchain_c
      sha256: "89e83885ba09da5fdf2cdacc8002a712ca238c28b7f717910b34bcd27b0d03ac"
      url: "https://pub.dev"
    source: hosted
    version: "0.17.4"
  node_preamble:
    dependency: transitive
    description:
      name: node_preamble
      sha256: "6e7eac89047ab8a8d26cf16127b5ed26de65209847630400f9aefd7cd5c730db"
      url: "https://pub.dev"
    source: hosted
    version: "2.0.2"
  package_config:
    dependency: transitive
    description:
      name: package_config
      sha256: f096c55ebb7deb7e384101542bfba8c52696c1b56fca2eb62827989ef2353bbc
      url: "https://pub.dev"
    source: hosted
    version: "2.2.0"
  path:
    dependency: "direct main"
    description:
      name: path
      sha256: "75cca69d1490965be98c73ceaea117e8a04dd21217b37b292c9ddbec0d955bc5"
      url: "https://pub.dev"
    source: hosted
    version: "1.9.1"
  petitparser:
    dependency: transitive
    description:
      name: petitparser
      sha256: "1a97266a94f7350d30ae522c0af07890c70b8e62c71e8e3920d1db4d23c057d1"
      url: "https://pub.dev"
    source: hosted
    version: "7.0.1"
  pointycastle:
    dependency: "direct main"
    description:
      name: pointycastle
      sha256: "92aa3841d083cc4b0f4709b5c74fd6409a3e6ba833ffc7dc6a8fee096366acf5"
      url: "https://pub.dev"
    source: hosted
    version: "4.0.0"
  pool:
    dependency: transitive
    description:
      name: pool
      sha256: "978783255c543aa3586a1b3c21f6e9d720eb315376a915872c61ef8b5c20177d"
      url: "https://pub.dev"
    source: hosted
    version: "1.5.2"
  port_forwarder:
    dependency: transitive
    description:
      name: port_forwarder
      sha256: "80f762d6bba492aa6f458a4cb00ecdbac02007bfa6435907397212370962ca7d"
      url: "https://pub.dev"
    source: hosted
    version: "1.0.0"
  posix:
    dependency: transitive
    description:
      name: posix
      sha256: "6323a5b0fa688b6a010df4905a56b00181479e6d10534cecfecede2aa55add61"
      url: "https://pub.dev"
    source: hosted
    version: "6.0.3"
  prometheus_client:
    dependency: transitive
    description:
      name: prometheus_client
      sha256: "994b731e5b35f4666f50e804bc88a32f55ddcbc6dd2db707f4b8b3374c38f115"
      url: "https://pub.dev"
    source: hosted
    version: "1.0.0+1"
  protobuf:
    dependency: "direct overridden"
    description:
      name: protobuf
      sha256: "75ec242d22e950bdcc79ee38dd520ce4ee0bc491d7fadc4ea47694604d22bf06"
      url: "https://pub.dev"
    source: hosted
    version: "6.0.0"
  pub_semver:
    dependency: transitive
    description:
      name: pub_semver
      sha256: "5bfcf68ca79ef689f8990d1160781b4bad40a3bd5e5218ad4076ddb7f4081585"
      url: "https://pub.dev"
    source: hosted
    version: "2.2.0"
  pubspec_parse:
    dependency: transitive
    description:
      name: pubspec_parse
      sha256: "0560ba233314abbed0a48a2956f7f022cce7c3e1e73df540277da7544cad4082"
      url: "https://pub.dev"
    source: hosted
    version: "1.5.0"
  quiver:
    dependency: transitive
    description:
      name: quiver
      sha256: ea0b925899e64ecdfbf9c7becb60d5b50e706ade44a85b2363be2a22d88117d2
      url: "https://pub.dev"
    source: hosted
    version: "3.2.2"
  sembast:
    dependency: transitive
    description:
      name: sembast
      sha256: "139cf71496105de32e7a08a4e3a1ead0f81c4a616ec9703ed07e8f0d10cdd505"
      url: "https://pub.dev"
    source: hosted
    version: "3.8.6"
  shelf:
    dependency: "direct main"
    description:
      name: shelf
      sha256: e7dd780a7ffb623c57850b33f43309312fc863fb6aa3d276a754bb299839ef12
      url: "https://pub.dev"
    source: hosted
    version: "1.4.2"
  shelf_cors_headers:
    dependency: "direct main"
    description:
      name: shelf_cors_headers
      sha256: a127c80f99bbef3474293db67a7608e3a0f1f0fcdb171dad77fa9bd2cd123ae4
      url: "https://pub.dev"
    source: hosted
    version: "0.1.5"
  shelf_packages_handler:
    dependency: transitive
    description:
      name: shelf_packages_handler
      sha256: "89f967eca29607c933ba9571d838be31d67f53f6e4ee15147d5dc2934fee1b1e"
      url: "https://pub.dev"
    source: hosted
    version: "3.0.2"
  shelf_router:
    dependency: "direct main"
    description:
      name: shelf_router
      sha256: f5e5d492440a7fb165fe1e2e1a623f31f734d3370900070b2b1e0d0428d59864
      url: "https://pub.dev"
    source: hosted
    version: "1.1.4"
  shelf_static:
    dependency: "direct main"
    description:
      name: shelf_static
      sha256: c87c3875f91262785dade62d135760c2c69cb217ac759485334c5857ad89f6e3
      url: "https://pub.dev"
    source: hosted
    version: "1.1.3"
  shelf_web_socket:
    dependency: transitive
    description:
      name: shelf_web_socket
      sha256: "3632775c8e90d6c9712f883e633716432a27758216dfb61bd86a8321c0580925"
      url: "https://pub.dev"
    source: hosted
    version: "3.0.0"
  sodium:
    dependency: transitive
    description:
      name: sodium
      sha256: "515b86c186f4caca49051caf858d878ca7cc4ff4542411e9febb50654eac8a62"
      url: "https://pub.dev"
    source: hosted
    version: "3.4.6"
  source_gen:
    dependency: transitive
    description:
      name: source_gen
      sha256: "1d562a3c1f713904ebbed50d2760217fd8a51ca170ac4b05b0db490699dbac17"
      url: "https://pub.dev"
    source: hosted
    version: "4.2.0"
  source_map_stack_trace:
    dependency: transitive
    description:
      name: source_map_stack_trace
      sha256: c0713a43e323c3302c2abe2a1cc89aa057a387101ebd280371d6a6c9fa68516b
      url: "https://pub.dev"
    source: hosted
    version: "2.1.2"
  source_maps:
    dependency: transitive
    description:
      name: source_maps
      sha256: "190222579a448b03896e0ca6eca5998fa810fda630c1d65e2f78b3f638f54812"
      url: "https://pub.dev"
    source: hosted
    version: "0.10.13"
  source_span:
    dependency: transitive
    description:
      name: source_span
      sha256: "254ee5351d6cb365c859e20ee823c3bb479bf4a293c22d17a9f1bf144ce86f7c"
      url: "https://pub.dev"
    source: hosted
    version: "1.10.1"
  sqlite3:
    dependency: "direct main"
    description:
      name: sqlite3
      sha256: c6cfe9b1cc159c9eb8ba174b533a60b5126f9db8c6e34efb127d2bc04bc45034
      url: "https://pub.dev"
    source: hosted
    version: "3.1.4"
  stack_trace:
    dependency: transitive
    description:
      name: stack_trace
      sha256: "8b27215b45d22309b5cddda1aa2b19bdfec9df0e765f2de506401c071d38d1b1"
      url: "https://pub.dev"
    source: hosted
    version: "1.12.1"
  stream_channel:
    dependency: transitive
    description:
      name: stream_channel
      sha256: "969e04c80b8bcdf826f8f16579c7b14d780458bd97f56d107d3950fdbeef059d"
      url: "https://pub.dev"
    source: hosted
    version: "2.1.4"
  stream_transform:
    dependency: transitive
    description:
      name: stream_transform
      sha256: ad47125e588cfd37a9a7f86c7d6356dde8dfe89d071d293f80ca9e9273a33871
      url: "https://pub.dev"
    source: hosted
    version: "2.1.1"
  string_scanner:
    dependency: transitive
    description:
      name: string_scanner
      sha256: "921cd31725b72fe181906c6a94d987c78e3b98c2e205b397ea399d4054872b43"
      url: "https://pub.dev"
    source: hosted
    version: "1.4.1"
  synchronized:
    dependency: transitive
    description:
      name: synchronized
      sha256: c254ade258ec8282947a0acbbc90b9575b4f19673533ee46f2f6e9b3aeefd7c0
      url: "https://pub.dev"
    source: hosted
    version: "3.4.0"
  term_glyph:
    dependency: transitive
    description:
      name: term_glyph
      sha256: "7f554798625ea768a7518313e58f83891c7f5024f88e46e7182a4558850a4b8e"
      url: "https://pub.dev"
    source: hosted
    version: "1.2.2"
  test:
    dependency: "direct dev"
    description:
      name: test
      sha256: "54c516bbb7cee2754d327ad4fca637f78abfc3cbcc5ace83b3eda117e42cd71a"
      url: "https://pub.dev"
    source: hosted
    version: "1.29.0"
  test_api:
    dependency: transitive
    description:
      name: test_api
      sha256: "93167629bfc610f71560ab9312acdda4959de4df6fac7492c89ff0d3886f6636"
      url: "https://pub.dev"
    source: hosted
    version: "0.7.9"
  test_core:
    dependency: transitive
    description:
      name: test_core
      sha256: "394f07d21f0f2255ec9e3989f21e54d3c7dc0e6e9dbce160e5a9c1a6be0e2943"
      url: "https://pub.dev"
    source: hosted
    version: "0.6.15"
  typed_data:
    dependency: transitive
    description:
      name: typed_data
      sha256: f9049c039ebfeb4cf7a7104a675823cd72dba8297f264b6637062516699fa006
      url: "https://pub.dev"
    source: hosted
    version: "1.4.0"
  uuid:
    dependency: "direct main"
    description:
      name: uuid
      sha256: a11b666489b1954e01d992f3d601b1804a33937b5a8fe677bd26b8a9f96f96e8
      url: "https://pub.dev"
    source: hosted
    version: "4.5.2"
  vm_service:
    dependency: transitive
    description:
      name: vm_service
      sha256: "45caa6c5917fa127b5dbcfbd1fa60b14e583afdc08bfc96dda38886ca252eb60"
      url: "https://pub.dev"
    source: hosted
    version: "15.0.2"
  watcher:
    dependency: transitive
    description:
      name: watcher
      sha256: "1398c9f081a753f9226febe8900fce8f7d0a67163334e1c94a2438339d79d635"
      url: "https://pub.dev"
    source: hosted
    version: "1.2.1"
  web:
    dependency: transitive
    description:
      name: web
      sha256: "868d88a33d8a87b18ffc05f9f030ba328ffefba92d6c127917a2ba740f9cfe4a"
      url: "https://pub.dev"
    source: hosted
    version: "1.1.1"
  web_socket:
    dependency: transitive
    description:
      name: web_socket
      sha256: "34d64019aa8e36bf9842ac014bb5d2f5586ca73df5e4d9bf5c936975cae6982c"
      url: "https://pub.dev"
    source: hosted
    version: "1.0.1"
  web_socket_channel:
    dependency: transitive
    description:
      name: web_socket_channel
      sha256: d645757fb0f4773d602444000a8131ff5d48c9e47adfe9772652dd1a4f2d45c8
      url: "https://pub.dev"
    source: hosted
    version: "3.0.3"
  webkit_inspection_protocol:
    dependency: transitive
    description:
      name: webkit_inspection_protocol
      sha256: "87d3f2333bb240704cd3f1c6b5b7acd8a10e7f0bc28c28dcf14e782014f4a572"
      url: "https://pub.dev"
    source: hosted
    version: "1.2.1"
  x25519:
    dependency: transitive
    description:
      name: x25519
      sha256: cec3c125f0d934dccba6c4cab48f3fbf866dc78895dcc5a1584d35b0a845005b
      url: "https://pub.dev"
    source: hosted
    version: "0.1.1"
  x509:
    dependency: transitive
    description:
      name: x509
      sha256: cbd1a63846884afd273cda247b0365284c8d85a365ca98e110413f93d105b935
      url: "https://pub.dev"
    source: hosted
    version: "0.2.4+3"
  xml:
    dependency: transitive
    description:
      name: xml
      sha256: "971043b3a0d3da28727e40ed3e0b5d18b742fa5a68665cca88e74b7876d5e025"
      url: "https://pub.dev"
    source: hosted
    version: "6.6.1"
  yaml:
    dependency: transitive
    description:
      name: yaml
      sha256: b9da305ac7c39faa3f030eccd175340f968459dae4af175130b3fc47e40d76ce
      url: "https://pub.dev"
    source: hosted
    version: "3.1.3"
sdks:
  dart: ">=3.10.4 <4.0.0"
